// !$*UTF8*$!
{
	archiveVersion = 1;
	classes = {
	};
	objectVersion = 55;
	objects = {

/* Begin PBXBuildFile section */
		0E0511E828E71BC6006B8F49 /* 050_Sequence.swift in Sources */ = {isa = PBXBuildFile; fileRef = 0E0511E728E71BC6006B8F49 /* 050_Sequence.swift */; };
		0E0B0C0B28DF459F00728A4E /* 999_Singleton.swift in Sources */ = {isa = PBXBuildFile; fileRef = 0E0B0C0A28DF459F00728A4E /* 999_Singleton.swift */; };
		0E1A8D8128F048CC003178B3 /* 005_InOutParameter.swift in Sources */ = {isa = PBXBuildFile; fileRef = 0E1A8D8028F048CC003178B3 /* 005_InOutParameter.swift */; };
		0E1A8D8328F07F0F003178B3 /* 006_Closure.swift in Sources */ = {isa = PBXBuildFile; fileRef = 0E1A8D8228F07F0F003178B3 /* 006_Closure.swift */; };
		0E1A8D8528F1FE21003178B3 /* 007_Enum.swift in Sources */ = {isa = PBXBuildFile; fileRef = 0E1A8D8428F1FE21003178B3 /* 007_Enum.swift */; };
		0E1A8D8828FD5ABC003178B3 /* 008_Lazy.swift in Sources */ = {isa = PBXBuildFile; fileRef = 0E1A8D8728FD5ABC003178B3 /* 008_Lazy.swift */; };
		0E1A8D8A28FE9D34003178B3 /* 009_ComputedProperty.swift in Sources */ = {isa = PBXBuildFile; fileRef = 0E1A8D8928FE9D34003178B3 /* 009_ComputedProperty.swift */; };
		0E1A8D8C28FEA14D003178B3 /* 010_PropertyObserver.swift in Sources */ = {isa = PBXBuildFile; fileRef = 0E1A8D8B28FEA14D003178B3 /* 010_PropertyObserver.swift */; };
		0E1A8D8E28FEA983003178B3 /* 011_Struct.swift in Sources */ = {isa = PBXBuildFile; fileRef = 0E1A8D8D28FEA983003178B3 /* 011_Struct.swift */; };
		0E1A8D9028FEAF1F003178B3 /* 012_Class.swift in Sources */ = {isa = PBXBuildFile; fileRef = 0E1A8D8F28FEAF1F003178B3 /* 012_Class.swift */; };
		0EB4F6F628DC5DCA00EA1AB6 /* main.swift in Sources */ = {isa = PBXBuildFile; fileRef = 0EB4F6F528DC5DCA00EA1AB6 /* main.swift */; };
		0EB4F6FE28DC5E5900EA1AB6 /* 001_For.swift in Sources */ = {isa = PBXBuildFile; fileRef = 0EB4F6FD28DC5E5900EA1AB6 /* 001_For.swift */; };
		0EB4F70028DC71A200EA1AB6 /* 002_Array.swift in Sources */ = {isa = PBXBuildFile; fileRef = 0EB4F6FF28DC71A200EA1AB6 /* 002_Array.swift */; };
		0EB4F70228DDA25B00EA1AB6 /* 003_MapFilterReduce.swift in Sources */ = {isa = PBXBuildFile; fileRef = 0EB4F70128DDA25B00EA1AB6 /* 003_MapFilterReduce.swift */; };
		0EB4F70428DDA2BC00EA1AB6 /* 004_ConvertWrapp.swift in Sources */ = {isa = PBXBuildFile; fileRef = 0EB4F70328DDA2BC00EA1AB6 /* 004_ConvertWrapp.swift */; };
/* End PBXBuildFile section */

/* Begin PBXCopyFilesBuildPhase section */
		0EB4F6F028DC5DCA00EA1AB6 /* CopyFiles */ = {
			isa = PBXCopyFilesBuildPhase;
			buildActionMask = 2147483647;
			dstPath = /usr/share/man/man1/;
			dstSubfolderSpec = 0;
			files = (
			);
			runOnlyForDeploymentPostprocessing = 1;
		};
/* End PBXCopyFilesBuildPhase section */

/* Begin PBXFileReference section */
		0E0511E728E71BC6006B8F49 /* 050_Sequence.swift */ = {isa = PBXFileReference; lastKnownFileType = sourcecode.swift; path = 050_Sequence.swift; sourceTree = "<group>"; };
		0E0B0C0928DF40DD00728A4E /* Swift.rtf */ = {isa = PBXFileReference; lastKnownFileType = text.rtf; path = Swift.rtf; sourceTree = "<group>"; };
		0E0B0C0A28DF459F00728A4E /* 999_Singleton.swift */ = {isa = PBXFileReference; lastKnownFileType = sourcecode.swift; path = 999_Singleton.swift; sourceTree = "<group>"; };
		0E1A8D8028F048CC003178B3 /* 005_InOutParameter.swift */ = {isa = PBXFileReference; lastKnownFileType = sourcecode.swift; path = 005_InOutParameter.swift; sourceTree = "<group>"; };
		0E1A8D8228F07F0F003178B3 /* 006_Closure.swift */ = {isa = PBXFileReference; lastKnownFileType = sourcecode.swift; path = 006_Closure.swift; sourceTree = "<group>"; };
		0E1A8D8428F1FE21003178B3 /* 007_Enum.swift */ = {isa = PBXFileReference; lastKnownFileType = sourcecode.swift; path = 007_Enum.swift; sourceTree = "<group>"; };
		0E1A8D8728FD5ABC003178B3 /* 008_Lazy.swift */ = {isa = PBXFileReference; lastKnownFileType = sourcecode.swift; path = 008_Lazy.swift; sourceTree = "<group>"; };
		0E1A8D8928FE9D34003178B3 /* 009_ComputedProperty.swift */ = {isa = PBXFileReference; lastKnownFileType = sourcecode.swift; path = 009_ComputedProperty.swift; sourceTree = "<group>"; };
		0E1A8D8B28FEA14D003178B3 /* 010_PropertyObserver.swift */ = {isa = PBXFileReference; lastKnownFileType = sourcecode.swift; path = 010_PropertyObserver.swift; sourceTree = "<group>"; };
		0E1A8D8D28FEA983003178B3 /* 011_Struct.swift */ = {isa = PBXFileReference; lastKnownFileType = sourcecode.swift; path = 011_Struct.swift; sourceTree = "<group>"; };
		0E1A8D8F28FEAF1F003178B3 /* 012_Class.swift */ = {isa = PBXFileReference; lastKnownFileType = sourcecode.swift; path = 012_Class.swift; sourceTree = "<group>"; };
		0EB4F6F228DC5DCA00EA1AB6 /* Swift_tanulas */ = {isa = PBXFileReference; explicitFileType = "compiled.mach-o.executable"; includeInIndex = 0; path = Swift_tanulas; sourceTree = BUILT_PRODUCTS_DIR; };
		0EB4F6F528DC5DCA00EA1AB6 /* main.swift */ = {isa = PBXFileReference; lastKnownFileType = sourcecode.swift; path = main.swift; sourceTree = "<group>"; };
		0EB4F6FD28DC5E5900EA1AB6 /* 001_For.swift */ = {isa = PBXFileReference; lastKnownFileType = sourcecode.swift; path = 001_For.swift; sourceTree = "<group>"; };
		0EB4F6FF28DC71A200EA1AB6 /* 002_Array.swift */ = {isa = PBXFileReference; lastKnownFileType = sourcecode.swift; path = 002_Array.swift; sourceTree = "<group>"; };
		0EB4F70128DDA25B00EA1AB6 /* 003_MapFilterReduce.swift */ = {isa = PBXFileReference; lastKnownFileType = sourcecode.swift; path = 003_MapFilterReduce.swift; sourceTree = "<group>"; };
		0EB4F70328DDA2BC00EA1AB6 /* 004_ConvertWrapp.swift */ = {isa = PBXFileReference; lastKnownFileType = sourcecode.swift; path = 004_ConvertWrapp.swift; sourceTree = "<group>"; };
/* End PBXFileReference section */

/* Begin PBXFrameworksBuildPhase section */
		0EB4F6EF28DC5DCA00EA1AB6 /* Frameworks */ = {
			isa = PBXFrameworksBuildPhase;
			buildActionMask = 2147483647;
			files = (
			);
			runOnlyForDeploymentPostprocessing = 0;
		};
/* End PBXFrameworksBuildPhase section */

/* Begin PBXGroup section */
		0EB4F6E928DC5DCA00EA1AB6 = {
			isa = PBXGroup;
			children = (
				0EB4F6F428DC5DCA00EA1AB6 /* Swift */,
				0EB4F6F328DC5DCA00EA1AB6 /* Products */,
			);
			sourceTree = "<group>";
		};
		0EB4F6F328DC5DCA00EA1AB6 /* Products */ = {
			isa = PBXGroup;
			children = (
				0EB4F6F228DC5DCA00EA1AB6 /* Swift_tanulas */,
			);
			name = Products;
			sourceTree = "<group>";
		};
		0EB4F6F428DC5DCA00EA1AB6 /* Swift */ = {
			isa = PBXGroup;
			children = (
				0EB4F6F528DC5DCA00EA1AB6 /* main.swift */,
				0E0B0C0928DF40DD00728A4E /* Swift.rtf */,
				0EB4F6FC28DC5E0000EA1AB6 /* Solved */,
			);
			path = Swift;
			sourceTree = "<group>";
		};
		0EB4F6FC28DC5E0000EA1AB6 /* Solved */ = {
			isa = PBXGroup;
			children = (
				0EB4F6FD28DC5E5900EA1AB6 /* 001_For.swift */,
				0EB4F6FF28DC71A200EA1AB6 /* 002_Array.swift */,
				0EB4F70128DDA25B00EA1AB6 /* 003_MapFilterReduce.swift */,
				0EB4F70328DDA2BC00EA1AB6 /* 004_ConvertWrapp.swift */,
				0E1A8D8028F048CC003178B3 /* 005_InOutParameter.swift */,
				0E1A8D8228F07F0F003178B3 /* 006_Closure.swift */,
				0E1A8D8428F1FE21003178B3 /* 007_Enum.swift */,
				0E1A8D8728FD5ABC003178B3 /* 008_Lazy.swift */,
				0E1A8D8928FE9D34003178B3 /* 009_ComputedProperty.swift */,
				0E1A8D8B28FEA14D003178B3 /* 010_PropertyObserver.swift */,
				0E1A8D8D28FEA983003178B3 /* 011_Struct.swift */,
				0E1A8D8F28FEAF1F003178B3 /* 012_Class.swift */,
				0E0511E728E71BC6006B8F49 /* 050_Sequence.swift */,
				0E0B0C0A28DF459F00728A4E /* 999_Singleton.swift */,
			);
			path = Solved;
			sourceTree = "<group>";
		};
/* End PBXGroup section */

/* Begin PBXNativeTarget section */
		0EB4F6F128DC5DCA00EA1AB6 /* Swift_tanulas */ = {
			isa = PBXNativeTarget;
			buildConfigurationList = 0EB4F6F928DC5DCA00EA1AB6 /* Build configuration list for PBXNativeTarget "Swift_tanulas" */;
			buildPhases = (
				0EB4F6EE28DC5DCA00EA1AB6 /* Sources */,
				0EB4F6EF28DC5DCA00EA1AB6 /* Frameworks */,
				0EB4F6F028DC5DCA00EA1AB6 /* CopyFiles */,
			);
			buildRules = (
			);
			dependencies = (
			);
			name = Swift_tanulas;
			productName = Swift;
			productReference = 0EB4F6F228DC5DCA00EA1AB6 /* Swift_tanulas */;
			productType = "com.apple.product-type.tool";
		};
/* End PBXNativeTarget section */

/* Begin PBXProject section */
		0EB4F6EA28DC5DCA00EA1AB6 /* Project object */ = {
			isa = PBXProject;
			attributes = {
				BuildIndependentTargetsInParallel = 1;
				LastSwiftUpdateCheck = 1340;
				LastUpgradeCheck = 1340;
				TargetAttributes = {
					0EB4F6F128DC5DCA00EA1AB6 = {
						CreatedOnToolsVersion = 13.4.1;
					};
				};
			};
			buildConfigurationList = 0EB4F6ED28DC5DCA00EA1AB6 /* Build configuration list for PBXProject "Swift_tanulas" */;
			compatibilityVersion = "Xcode 13.0";
			developmentRegion = en;
			hasScannedForEncodings = 0;
			knownRegions = (
				en,
				Base,
			);
			mainGroup = 0EB4F6E928DC5DCA00EA1AB6;
			productRefGroup = 0EB4F6F328DC5DCA00EA1AB6 /* Products */;
			projectDirPath = "";
			projectRoot = "";
			targets = (
				0EB4F6F128DC5DCA00EA1AB6 /* Swift_tanulas */,
			);
		};
/* End PBXProject section */

/* Begin PBXSourcesBuildPhase section */
		0EB4F6EE28DC5DCA00EA1AB6 /* Sources */ = {
			isa = PBXSourcesBuildPhase;
			buildActionMask = 2147483647;
			files = (
				0EB4F6FE28DC5E5900EA1AB6 /* 001_For.swift in Sources */,
				0E1A8D9028FEAF1F003178B3 /* 012_Class.swift in Sources */,
				0E1A8D8328F07F0F003178B3 /* 006_Closure.swift in Sources */,
				0E1A8D8528F1FE21003178B3 /* 007_Enum.swift in Sources */,
				0E0B0C0B28DF459F00728A4E /* 999_Singleton.swift in Sources */,
				0E0511E828E71BC6006B8F49 /* 050_Sequence.swift in Sources */,
				0EB4F70428DDA2BC00EA1AB6 /* 004_ConvertWrapp.swift in Sources */,
				0EB4F70028DC71A200EA1AB6 /* 002_Array.swift in Sources */,
				0E1A8D8828FD5ABC003178B3 /* 008_Lazy.swift in Sources */,
				0EB4F70228DDA25B00EA1AB6 /* 003_MapFilterReduce.swift in Sources */,
				0EB4F6F628DC5DCA00EA1AB6 /* main.swift in Sources */,
				0E1A8D8128F048CC003178B3 /* 005_InOutParameter.swift in Sources */,
				0E1A8D8C28FEA14D003178B3 /* 010_PropertyObserver.swift in Sources */,
				0E1A8D8A28FE9D34003178B3 /* 009_ComputedProperty.swift in Sources */,
				0E1A8D8E28FEA983003178B3 /* 011_Struct.swift in Sources */,
			);
			runOnlyForDeploymentPostprocessing = 0;
		};
/* End PBXSourcesBuildPhase section */

/* Begin XCBuildConfiguration section */
		0EB4F6F728DC5DCA00EA1AB6 /* Debug */ = {
			isa = XCBuildConfiguration;
			buildSettings = {
				ALWAYS_SEARCH_USER_PATHS = NO;
				CLANG_ANALYZER_NONNULL = YES;
				CLANG_ANALYZER_NUMBER_OBJECT_CONVERSION = YES_AGGRESSIVE;
				CLANG_CXX_LANGUAGE_STANDARD = "gnu++17";
				CLANG_ENABLE_MODULES = YES;
				CLANG_ENABLE_OBJC_ARC = YES;
				CLANG_ENABLE_OBJC_WEAK = YES;
				CLANG_WARN_BLOCK_CAPTURE_AUTORELEASING = YES;
				CLANG_WARN_BOOL_CONVERSION = YES;
				CLANG_WARN_COMMA = YES;
				CLANG_WARN_CONSTANT_CONVERSION = YES;
				CLANG_WARN_DEPRECATED_OBJC_IMPLEMENTATIONS = YES;
				CLANG_WARN_DIRECT_OBJC_ISA_USAGE = YES_ERROR;
				CLANG_WARN_DOCUMENTATION_COMMENTS = YES;
				CLANG_WARN_EMPTY_BODY = YES;
				CLANG_WARN_ENUM_CONVERSION = YES;
				CLANG_WARN_INFINITE_RECURSION = YES;
				CLANG_WARN_INT_CONVERSION = YES;
				CLANG_WARN_NON_LITERAL_NULL_CONVERSION = YES;
				CLANG_WARN_OBJC_IMPLICIT_RETAIN_SELF = YES;
				CLANG_WARN_OBJC_LITERAL_CONVERSION = YES;
				CLANG_WARN_OBJC_ROOT_CLASS = YES_ERROR;
				CLANG_WARN_QUOTED_INCLUDE_IN_FRAMEWORK_HEADER = YES;
				CLANG_WARN_RANGE_LOOP_ANALYSIS = YES;
				CLANG_WARN_STRICT_PROTOTYPES = YES;
				CLANG_WARN_SUSPICIOUS_MOVE = YES;
				CLANG_WARN_UNGUARDED_AVAILABILITY = YES_AGGRESSIVE;
				CLANG_WARN_UNREACHABLE_CODE = YES;
				CLANG_WARN__DUPLICATE_METHOD_MATCH = YES;
				COPY_PHASE_STRIP = NO;
				DEBUG_INFORMATION_FORMAT = dwarf;
				ENABLE_STRICT_OBJC_MSGSEND = YES;
				ENABLE_TESTABILITY = YES;
				GCC_C_LANGUAGE_STANDARD = gnu11;
				GCC_DYNAMIC_NO_PIC = NO;
				GCC_NO_COMMON_BLOCKS = YES;
				GCC_OPTIMIZATION_LEVEL = 0;
				GCC_PREPROCESSOR_DEFINITIONS = (
					"DEBUG=1",
					"$(inherited)",
				);
				GCC_WARN_64_TO_32_BIT_CONVERSION = YES;
				GCC_WARN_ABOUT_RETURN_TYPE = YES_ERROR;
				GCC_WARN_UNDECLARED_SELECTOR = YES;
				GCC_WARN_UNINITIALIZED_AUTOS = YES_AGGRESSIVE;
				GCC_WARN_UNUSED_FUNCTION = YES;
				GCC_WARN_UNUSED_VARIABLE = YES;
				MACOSX_DEPLOYMENT_TARGET = 12.3;
				MTL_ENABLE_DEBUG_INFO = INCLUDE_SOURCE;
				MTL_FAST_MATH = YES;
				ONLY_ACTIVE_ARCH = YES;
				SDKROOT = macosx;
				SWIFT_ACTIVE_COMPILATION_CONDITIONS = DEBUG;
				SWIFT_OPTIMIZATION_LEVEL = "-Onone";
			};
			name = Debug;
		};
		0EB4F6F828DC5DCA00EA1AB6 /* Release */ = {
			isa = XCBuildConfiguration;
			buildSettings = {
				ALWAYS_SEARCH_USER_PATHS = NO;
				CLANG_ANALYZER_NONNULL = YES;
				CLANG_ANALYZER_NUMBER_OBJECT_CONVERSION = YES_AGGRESSIVE;
				CLANG_CXX_LANGUAGE_STANDARD = "gnu++17";
				CLANG_ENABLE_MODULES = YES;
				CLANG_ENABLE_OBJC_ARC = YES;
				CLANG_ENABLE_OBJC_WEAK = YES;
				CLANG_WARN_BLOCK_CAPTURE_AUTORELEASING = YES;
				CLANG_WARN_BOOL_CONVERSION = YES;
				CLANG_WARN_COMMA = YES;
				CLANG_WARN_CONSTANT_CONVERSION = YES;
				CLANG_WARN_DEPRECATED_OBJC_IMPLEMENTATIONS = YES;
				CLANG_WARN_DIRECT_OBJC_ISA_USAGE = YES_ERROR;
				CLANG_WARN_DOCUMENTATION_COMMENTS = YES;
				CLANG_WARN_EMPTY_BODY = YES;
				CLANG_WARN_ENUM_CONVERSION = YES;
				CLANG_WARN_INFINITE_RECURSION = YES;
				CLANG_WARN_INT_CONVERSION = YES;
				CLANG_WARN_NON_LITERAL_NULL_CONVERSION = YES;
				CLANG_WARN_OBJC_IMPLICIT_RETAIN_SELF = YES;
				CLANG_WARN_OBJC_LITERAL_CONVERSION = YES;
				CLANG_WARN_OBJC_ROOT_CLASS = YES_ERROR;
				CLANG_WARN_QUOTED_INCLUDE_IN_FRAMEWORK_HEADER = YES;
				CLANG_WARN_RANGE_LOOP_ANALYSIS = YES;
				CLANG_WARN_STRICT_PROTOTYPES = YES;
				CLANG_WARN_SUSPICIOUS_MOVE = YES;
				CLANG_WARN_UNGUARDED_AVAILABILITY = YES_AGGRESSIVE;
				CLANG_WARN_UNREACHABLE_CODE = YES;
				CLANG_WARN__DUPLICATE_METHOD_MATCH = YES;
				COPY_PHASE_STRIP = NO;
				DEBUG_INFORMATION_FORMAT = "dwarf-with-dsym";
				ENABLE_NS_ASSERTIONS = NO;
				ENABLE_STRICT_OBJC_MSGSEND = YES;
				GCC_C_LANGUAGE_STANDARD = gnu11;
				GCC_NO_COMMON_BLOCKS = YES;
				GCC_WARN_64_TO_32_BIT_CONVERSION = YES;
				GCC_WARN_ABOUT_RETURN_TYPE = YES_ERROR;
				GCC_WARN_UNDECLARED_SELECTOR = YES;
				GCC_WARN_UNINITIALIZED_AUTOS = YES_AGGRESSIVE;
				GCC_WARN_UNUSED_FUNCTION = YES;
				GCC_WARN_UNUSED_VARIABLE = YES;
				MACOSX_DEPLOYMENT_TARGET = 12.3;
				MTL_ENABLE_DEBUG_INFO = NO;
				MTL_FAST_MATH = YES;
				SDKROOT = macosx;
				SWIFT_COMPILATION_MODE = wholemodule;
				SWIFT_OPTIMIZATION_LEVEL = "-O";
			};
			name = Release;
		};
		0EB4F6FA28DC5DCA00EA1AB6 /* Debug */ = {
			isa = XCBuildConfiguration;
			buildSettings = {
				CODE_SIGN_IDENTITY = "Apple Development";
				CODE_SIGN_STYLE = Automatic;
				DEVELOPMENT_TEAM = SGPJ97426F;
				ENABLE_HARDENED_RUNTIME = YES;
				PRODUCT_BUNDLE_IDENTIFIER = "swift-tanulas";
				PRODUCT_NAME = "$(TARGET_NAME)";
				PROVISIONING_PROFILE_SPECIFIER = "";
				SWIFT_VERSION = 5.0;
			};
			name = Debug;
		};
		0EB4F6FB28DC5DCA00EA1AB6 /* Release */ = {
			isa = XCBuildConfiguration;
			buildSettings = {
				CODE_SIGN_IDENTITY = "Apple Development";
				CODE_SIGN_STYLE = Automatic;
				DEVELOPMENT_TEAM = SGPJ97426F;
				ENABLE_HARDENED_RUNTIME = YES;
				PRODUCT_BUNDLE_IDENTIFIER = "swift-tanulas";
				PRODUCT_NAME = "$(TARGET_NAME)";
				PROVISIONING_PROFILE_SPECIFIER = "";
				SWIFT_VERSION = 5.0;
			};
			name = Release;
		};
/* End XCBuildConfiguration section */

/* Begin XCConfigurationList section */
		0EB4F6ED28DC5DCA00EA1AB6 /* Build configuration list for PBXProject "Swift_tanulas" */ = {
			isa = XCConfigurationList;
			buildConfigurations = (
				0EB4F6F728DC5DCA00EA1AB6 /* Debug */,
				0EB4F6F828DC5DCA00EA1AB6 /* Release */,
			);
			defaultConfigurationIsVisible = 0;
			defaultConfigurationName = Release;
		};
		0EB4F6F928DC5DCA00EA1AB6 /* Build configuration list for PBXNativeTarget "Swift_tanulas" */ = {
			isa = XCConfigurationList;
			buildConfigurations = (
				0EB4F6FA28DC5DCA00EA1AB6 /* Debug */,
				0EB4F6FB28DC5DCA00EA1AB6 /* Release */,
			);
			defaultConfigurationIsVisible = 0;
			defaultConfigurationName = Release;
		};
/* End XCConfigurationList section */
	};
	rootObject = 0EB4F6EA28DC5DCA00EA1AB6 /* Project object */;
}
